// !$*UTF8*$!
{
	archiveVersion = 1;
	classes = {
	};
	objectVersion = 50;
	objects = {

/* Begin PBXBuildFile section */
		BAABF30B23C8DC3E00594798 /* AppDelegate.swift in Sources */ = {isa = PBXBuildFile; fileRef = BAABF30A23C8DC3E00594798 /* AppDelegate.swift */; };
		BAABF30D23C8DC3E00594798 /* SceneDelegate.swift in Sources */ = {isa = PBXBuildFile; fileRef = BAABF30C23C8DC3E00594798 /* SceneDelegate.swift */; };
		BAABF30F23C8DC3E00594798 /* MasterViewController.swift in Sources */ = {isa = PBXBuildFile; fileRef = BAABF30E23C8DC3E00594798 /* MasterViewController.swift */; };
		BAABF31123C8DC3E00594798 /* DetailViewController.swift in Sources */ = {isa = PBXBuildFile; fileRef = BAABF31023C8DC3E00594798 /* DetailViewController.swift */; };
		BAABF31423C8DC3E00594798 /* Main.storyboard in Resources */ = {isa = PBXBuildFile; fileRef = BAABF31223C8DC3E00594798 /* Main.storyboard */; };
		BAABF31623C8DC4200594798 /* Assets.xcassets in Resources */ = {isa = PBXBuildFile; fileRef = BAABF31523C8DC4200594798 /* Assets.xcassets */; };
		BAABF31923C8DC4200594798 /* LaunchScreen.storyboard in Resources */ = {isa = PBXBuildFile; fileRef = BAABF31723C8DC4200594798 /* LaunchScreen.storyboard */; };
		BAABF32323C8DFAA00594798 /* City.swift in Sources */ = {isa = PBXBuildFile; fileRef = BAABF32223C8DFAA00594798 /* City.swift */; };
/* End PBXBuildFile section */

/* Begin PBXFileReference section */
		BAABF30723C8DC3E00594798 /* Favorite Cities.app */ = {isa = PBXFileReference; explicitFileType = wrapper.application; includeInIndex = 0; path = "Favorite Cities.app"; sourceTree = BUILT_PRODUCTS_DIR; };
		BAABF30A23C8DC3E00594798 /* AppDelegate.swift */ = {isa = PBXFileReference; lastKnownFileType = sourcecode.swift; path = AppDelegate.swift; sourceTree = "<group>"; };
		BAABF30C23C8DC3E00594798 /* SceneDelegate.swift */ = {isa = PBXFileReference; lastKnownFileType = sourcecode.swift; path = SceneDelegate.swift; sourceTree = "<group>"; };
		BAABF30E23C8DC3E00594798 /* MasterViewController.swift */ = {isa = PBXFileReference; lastKnownFileType = sourcecode.swift; path = MasterViewController.swift; sourceTree = "<group>"; };
		BAABF31023C8DC3E00594798 /* DetailViewController.swift */ = {isa = PBXFileReference; lastKnownFileType = sourcecode.swift; path = DetailViewController.swift; sourceTree = "<group>"; };
		BAABF31323C8DC3E00594798 /* Base */ = {isa = PBXFileReference; lastKnownFileType = file.storyboard; name = Base; path = Base.lproj/Main.storyboard; sourceTree = "<group>"; };
		BAABF31523C8DC4200594798 /* Assets.xcassets */ = {isa = PBXFileReference; lastKnownFileType = folder.assetcatalog; path = Assets.xcassets; sourceTree = "<group>"; };
		BAABF31823C8DC4200594798 /* Base */ = {isa = PBXFileReference; lastKnownFileType = file.storyboard; name = Base; path = Base.lproj/LaunchScreen.storyboard; sourceTree = "<group>"; };
		BAABF31A23C8DC4200594798 /* Info.plist */ = {isa = PBXFileReference; lastKnownFileType = text.plist.xml; path = Info.plist; sourceTree = "<group>"; };
		BAABF32223C8DFAA00594798 /* City.swift */ = {isa = PBXFileReference; lastKnownFileType = sourcecode.swift; path = City.swift; sourceTree = "<group>"; };
/* End PBXFileReference section */

/* Begin PBXFrameworksBuildPhase section */
		BAABF30423C8DC3E00594798 /* Frameworks */ = {
			isa = PBXFrameworksBuildPhase;
			buildActionMask = 2147483647;
			files = (
			);
			runOnlyForDeploymentPostprocessing = 0;
		};
/* End PBXFrameworksBuildPhase section */

/* Begin PBXGroup section */
		BAABF2FE23C8DC3E00594798 = {
			isa = PBXGroup;
			children = (
				BAABF30923C8DC3E00594798 /* Favorite Cities */,
				BAABF30823C8DC3E00594798 /* Products */,
			);
			sourceTree = "<group>";
		};
		BAABF30823C8DC3E00594798 /* Products */ = {
			isa = PBXGroup;
			children = (
				BAABF30723C8DC3E00594798 /* Favorite Cities.app */,
			);
			name = Products;
			sourceTree = "<group>";
		};
		BAABF30923C8DC3E00594798 /* Favorite Cities */ = {
			isa = PBXGroup;
			children = (
				BAABF30A23C8DC3E00594798 /* AppDelegate.swift */,
				BAABF30C23C8DC3E00594798 /* SceneDelegate.swift */,
				BAABF30E23C8DC3E00594798 /* MasterViewController.swift */,
				BAABF31023C8DC3E00594798 /* DetailViewController.swift */,
				BAABF31223C8DC3E00594798 /* Main.storyboard */,
				BAABF31523C8DC4200594798 /* Assets.xcassets */,
				BAABF31723C8DC4200594798 /* LaunchScreen.storyboard */,
				BAABF31A23C8DC4200594798 /* Info.plist */,
				BAABF32223C8DFAA00594798 /* City.swift */,
			);
			path = "Favorite Cities";
			sourceTree = "<group>";
		};
/* End PBXGroup section */

/* Begin PBXNativeTarget section */
		BAABF30623C8DC3E00594798 /* Favorite Cities */ = {
			isa = PBXNativeTarget;
			buildConfigurationList = BAABF31D23C8DC4200594798 /* Build configuration list for PBXNativeTarget "Favorite Cities" */;
			buildPhases = (
				BAABF30323C8DC3E00594798 /* Sources */,
				BAABF30423C8DC3E00594798 /* Frameworks */,
				BAABF30523C8DC3E00594798 /* Resources */,
			);
			buildRules = (
			);
			dependencies = (
			);
			name = "Favorite Cities";
			productName = "Favorite Cities";
			productReference = BAABF30723C8DC3E00594798 /* Favorite Cities.app */;
			productType = "com.apple.product-type.application";
		};
/* End PBXNativeTarget section */

/* Begin PBXProject section */
		BAABF2FF23C8DC3E00594798 /* Project object */ = {
			isa = PBXProject;
			attributes = {
				LastSwiftUpdateCheck = 1120;
				LastUpgradeCheck = 1120;
				ORGANIZATIONNAME = "matt imdad";
				TargetAttributes = {
					BAABF30623C8DC3E00594798 = {
						CreatedOnToolsVersion = 11.2;
					};
				};
			};
			buildConfigurationList = BAABF30223C8DC3E00594798 /* Build configuration list for PBXProject "Favorite Cities" */;
			compatibilityVersion = "Xcode 9.3";
			developmentRegion = en;
			hasScannedForEncodings = 0;
			knownRegions = (
				en,
				Base,
			);
			mainGroup = BAABF2FE23C8DC3E00594798;
			productRefGroup = BAABF30823C8DC3E00594798 /* Products */;
			projectDirPath = "";
			projectRoot = "";
			targets = (
				BAABF30623C8DC3E00594798 /* Favorite Cities */,
			);
		};
/* End PBXProject section */

/* Begin PBXResourcesBuildPhase section */
		BAABF30523C8DC3E00594798 /* Resources */ = {
			isa = PBXResourcesBuildPhase;
			buildActionMask = 2147483647;
			files = (
				BAABF31923C8DC4200594798 /* LaunchScreen.storyboard in Resources */,
				BAABF31623C8DC4200594798 /* Assets.xcassets in Resources */,
				BAABF31423C8DC3E00594798 /* Main.storyboard in Resources */,
			);
			runOnlyForDeploymentPostprocessing = 0;
		};
/* End PBXResourcesBuildPhase section */

/* Begin PBXSourcesBuildPhase section */
		BAABF30323C8DC3E00594798 /* Sources */ = {
			isa = PBXSourcesBuildPhase;
			buildActionMask = 2147483647;
			files = (
				BAABF30B23C8DC3E00594798 /* AppDelegate.swift in Sources */,
				BAABF32323C8DFAA00594798 /* City.swift in Sources */,
				BAABF30D23C8DC3E00594798 /* SceneDelegate.swift in Sources */,
				BAABF30F23C8DC3E00594798 /* MasterViewController.swift in Sources */,
				BAABF31123C8DC3E00594798 /* DetailViewController.swift in Sources */,
			);
			runOnlyForDeploymentPostprocessing = 0;
		};
/* End PBXSourcesBuildPhase section */

/* Begin PBXVariantGroup section */
		BAABF31223C8DC3E00594798 /* Main.storyboard */ = {
			isa = PBXVariantGroup;
			children = (
				BAABF31323C8DC3E00594798 /* Base */,
			);
			name = Main.storyboard;
			sourceTree = "<group>";
		};
		BAABF31723C8DC4200594798 /* LaunchScreen.storyboard */ = {
			isa = PBXVariantGroup;
			children = (
				BAABF31823C8DC4200594798 /* Base */,
			);
			name = LaunchScreen.storyboard;
			sourceTree = "<group>";
		};
/* End PBXVariantGroup section */

/* Begin XCBuildConfiguration section */
		BAABF31B23C8DC4200594798 /* Debug */ = {
			isa = XCBuildConfiguration;
			buildSettings = {
				ALWAYS_SEARCH_USER_PATHS = NO;
				CLANG_ANALYZER_NONNULL = YES;
				CLANG_ANALYZER_NUMBER_OBJECT_CONVERSION = YES_AGGRESSIVE;
				CLANG_CXX_LANGUAGE_STANDARD = "gnu++14";
				CLANG_CXX_LIBRARY = "libc++";
				CLANG_ENABLE_MODULES = YES;
				CLANG_ENABLE_OBJC_ARC = YES;
				CLANG_ENABLE_OBJC_WEAK = YES;
				CLANG_WARN_BLOCK_CAPTURE_AUTORELEASING = YES;
				CLANG_WARN_BOOL_CONVERSION = YES;
				CLANG_WARN_COMMA = YES;
				CLANG_WARN_CONSTANT_CONVERSION = YES;
				CLANG_WARN_DEPRECATED_OBJC_IMPLEMENTATIONS = YES;
				CLANG_WARN_DIRECT_OBJC_ISA_USAGE = YES_ERROR;
				CLANG_WARN_DOCUMENTATION_COMMENTS = YES;
				CLANG_WARN_EMPTY_BODY = YES;
				CLANG_WARN_ENUM_CONVERSION = YES;
				CLANG_WARN_INFINITE_RECURSION = YES;
				CLANG_WARN_INT_CONVERSION = YES;
				CLANG_WARN_NON_LITERAL_NULL_CONVERSION = YES;
				CLANG_WARN_OBJC_IMPLICIT_RETAIN_SELF = YES;
				CLANG_WARN_OBJC_LITERAL_CONVERSION = YES;
				CLANG_WARN_OBJC_ROOT_CLASS = YES_ERROR;
				CLANG_WARN_RANGE_LOOP_ANALYSIS = YES;
				CLANG_WARN_STRICT_PROTOTYPES = YES;
				CLANG_WARN_SUSPICIOUS_MOVE = YES;
				CLANG_WARN_UNGUARDED_AVAILABILITY = YES_AGGRESSIVE;
				CLANG_WARN_UNREACHABLE_CODE = YES;
				CLANG_WARN__DUPLICATE_METHOD_MATCH = YES;
				COPY_PHASE_STRIP = NO;
				DEBUG_INFORMATION_FORMAT = dwarf;
				ENABLE_STRICT_OBJC_MSGSEND = YES;
				ENABLE_TESTABILITY = YES;
				GCC_C_LANGUAGE_STANDARD = gnu11;
				GCC_DYNAMIC_NO_PIC = NO;
				GCC_NO_COMMON_BLOCKS = YES;
				GCC_OPTIMIZATION_LEVEL = 0;
				GCC_PREPROCESSOR_DEFINITIONS = (
					"DEBUG=1",
					"$(inherited)",
				);
				GCC_WARN_64_TO_32_BIT_CONVERSION = YES;
				GCC_WARN_ABOUT_RETURN_TYPE = YES_ERROR;
				GCC_WARN_UNDECLARED_SELECTOR = YES;
				GCC_WARN_UNINITIALIZED_AUTOS = YES_AGGRESSIVE;
				GCC_WARN_UNUSED_FUNCTION = YES;
				GCC_WARN_UNUSED_VARIABLE = YES;
				IPHONEOS_DEPLOYMENT_TARGET = 13.2;
				MTL_ENABLE_DEBUG_INFO = INCLUDE_SOURCE;
				MTL_FAST_MATH = YES;
				ONLY_ACTIVE_ARCH = YES;
				SDKROOT = iphoneos;
				SWIFT_ACTIVE_COMPILATION_CONDITIONS = DEBUG;
				SWIFT_OPTIMIZATION_LEVEL = "-Onone";
			};
			name = Debug;
		};
		BAABF31C23C8DC4200594798 /* Release */ = {
			isa = XCBuildConfiguration;
			buildSettings = {
				ALWAYS_SEARCH_USER_PATHS = NO;
				CLANG_ANALYZER_NONNULL = YES;
				CLANG_ANALYZER_NUMBER_OBJECT_CONVERSION = YES_AGGRESSIVE;
				CLANG_CXX_LANGUAGE_STANDARD = "gnu++14";
				CLANG_CXX_LIBRARY = "libc++";
				CLANG_ENABLE_MODULES = YES;
				CLANG_ENABLE_OBJC_ARC = YES;
				CLANG_ENABLE_OBJC_WEAK = YES;
				CLANG_WARN_BLOCK_CAPTURE_AUTORELEASING = YES;
				CLANG_WARN_BOOL_CONVERSION = YES;
				CLANG_WARN_COMMA = YES;
				CLANG_WARN_CONSTANT_CONVERSION = YES;
				CLANG_WARN_DEPRECATED_OBJC_IMPLEMENTATIONS = YES;
				CLANG_WARN_DIRECT_OBJC_ISA_USAGE = YES_ERROR;
				CLANG_WARN_DOCUMENTATION_COMMENTS = YES;
				CLANG_WARN_EMPTY_BODY = YES;
				CLANG_WARN_ENUM_CONVERSION = YES;
				CLANG_WARN_INFINITE_RECURSION = YES;
				CLANG_WARN_INT_CONVERSION = YES;
				CLANG_WARN_NON_LITERAL_NULL_CONVERSION = YES;
				CLANG_WARN_OBJC_IMPLICIT_RETAIN_SELF = YES;
				CLANG_WARN_OBJC_LITERAL_CONVERSION = YES;
				CLANG_WARN_OBJC_ROOT_CLASS = YES_ERROR;
				CLANG_WARN_RANGE_LOOP_ANALYSIS = YES;
				CLANG_WARN_STRICT_PROTOTYPES = YES;
				CLANG_WARN_SUSPICIOUS_MOVE = YES;
				CLANG_WARN_UNGUARDED_AVAILABILITY = YES_AGGRESSIVE;
				CLANG_WARN_UNREACHABLE_CODE = YES;
				CLANG_WARN__DUPLICATE_METHOD_MATCH = YES;
				COPY_PHASE_STRIP = NO;
				DEBUG_INFORMATION_FORMAT = "dwarf-with-dsym";
				ENABLE_NS_ASSERTIONS = NO;
				ENABLE_STRICT_OBJC_MSGSEND = YES;
				GCC_C_LANGUAGE_STANDARD = gnu11;
				GCC_NO_COMMON_BLOCKS = YES;
				GCC_WARN_64_TO_32_BIT_CONVERSION = YES;
				GCC_WARN_ABOUT_RETURN_TYPE = YES_ERROR;
				GCC_WARN_UNDECLARED_SELECTOR = YES;
				GCC_WARN_UNINITIALIZED_AUTOS = YES_AGGRESSIVE;
				GCC_WARN_UNUSED_FUNCTION = YES;
				GCC_WARN_UNUSED_VARIABLE = YES;
				IPHONEOS_DEPLOYMENT_TARGET = 13.2;
				MTL_ENABLE_DEBUG_INFO = NO;
				MTL_FAST_MATH = YES;
				SDKROOT = iphoneos;
				SWIFT_COMPILATION_MODE = wholemodule;
				SWIFT_OPTIMIZATION_LEVEL = "-O";
				VALIDATE_PRODUCT = YES;
			};
			name = Release;
		};
		BAABF31E23C8DC4200594798 /* Debug */ = {
			isa = XCBuildConfiguration;
			buildSettings = {
				ASSETCATALOG_COMPILER_APPICON_NAME = AppIcon;
				CODE_SIGN_STYLE = Automatic;
				INFOPLIST_FILE = "Favorite Cities/Info.plist";
				LD_RUNPATH_SEARCH_PATHS = (
					"$(inherited)",
					"@executable_path/Frameworks",
				);
				PRODUCT_BUNDLE_IDENTIFIER = "imdad.Favorite-Cities";
				PRODUCT_NAME = "$(TARGET_NAME)";
				SWIFT_VERSION = 5.0;
				TARGETED_DEVICE_FAMILY = "1,2";
			};
			name = Debug;
		};
		BAABF31F23C8DC4200594798 /* Release */ = {
			isa = XCBuildConfiguration;
			buildSettings = {
				ASSETCATALOG_COMPILER_APPICON_NAME = AppIcon;
				CODE_SIGN_STYLE = Automatic;
				INFOPLIST_FILE = "Favorite Cities/Info.plist";
				LD_RUNPATH_SEARCH_PATHS = (
					"$(inherited)",
					"@executable_path/Frameworks",
				);
				PRODUCT_BUNDLE_IDENTIFIER = "imdad.Favorite-Cities";
				PRODUCT_NAME = "$(TARGET_NAME)";
				SWIFT_VERSION = 5.0;
				TARGETED_DEVICE_FAMILY = "1,2";
			};
			name = Release;
		};
/* End XCBuildConfiguration section */

/* Begin XCConfigurationList section */
		BAABF30223C8DC3E00594798 /* Build configuration list for PBXProject "Favorite Cities" */ = {
			isa = XCConfigurationList;
			buildConfigurations = (
				BAABF31B23C8DC4200594798 /* Debug */,
				BAABF31C23C8DC4200594798 /* Release */,
			);
			defaultConfigurationIsVisible = 0;
			defaultConfigurationName = Release;
		};
		BAABF31D23C8DC4200594798 /* Build configuration list for PBXNativeTarget "Favorite Cities" */ = {
			isa = XCConfigurationList;
			buildConfigurations = (
				BAABF31E23C8DC4200594798 /* Debug */,
				BAABF31F23C8DC4200594798 /* Release */,
			);
			defaultConfigurationIsVisible = 0;
			defaultConfigurationName = Release;
		};
/* End XCConfigurationList section */
	};
	rootObject = BAABF2FF23C8DC3E00594798 /* Project object */;
}
